// !$*UTF8*$!
{
	archiveVersion = 1;
	classes = {
	};
	objectVersion = 46;
	objects = {

/* Begin PBXBuildFile section */
		E041AAD21E68F0980011846A /* SettingsViewController.swift in Sources */ = {isa = PBXBuildFile; fileRef = E041AAD11E68F0980011846A /* SettingsViewController.swift */; };
		E0729DA51E676D8200516B87 /* AppDelegate.swift in Sources */ = {isa = PBXBuildFile; fileRef = E0729DA41E676D8200516B87 /* AppDelegate.swift */; };
		E0729DA71E676D8200516B87 /* TipViewController.swift in Sources */ = {isa = PBXBuildFile; fileRef = E0729DA61E676D8200516B87 /* TipViewController.swift */; };
		E0729DAA1E676D8200516B87 /* Main.storyboard in Resources */ = {isa = PBXBuildFile; fileRef = E0729DA81E676D8200516B87 /* Main.storyboard */; };
		E0729DAC1E676D8200516B87 /* Assets.xcassets in Resources */ = {isa = PBXBuildFile; fileRef = E0729DAB1E676D8200516B87 /* Assets.xcassets */; };
		E0729DAF1E676D8200516B87 /* LaunchScreen.storyboard in Resources */ = {isa = PBXBuildFile; fileRef = E0729DAD1E676D8200516B87 /* LaunchScreen.storyboard */; };
		E0A20D011E67BDEC000E24FA /* RecentCalculateData.swift in Sources */ = {isa = PBXBuildFile; fileRef = E0A20D001E67BDEC000E24FA /* RecentCalculateData.swift */; };
/* End PBXBuildFile section */

/* Begin PBXFileReference section */
		E041AAD11E68F0980011846A /* SettingsViewController.swift */ = {isa = PBXFileReference; fileEncoding = 4; lastKnownFileType = sourcecode.swift; path = SettingsViewController.swift; sourceTree = "<group>"; };
		E0729DA11E676D8200516B87 /* TipCalculator.app */ = {isa = PBXFileReference; explicitFileType = wrapper.application; includeInIndex = 0; path = TipCalculator.app; sourceTree = BUILT_PRODUCTS_DIR; };
		E0729DA41E676D8200516B87 /* AppDelegate.swift */ = {isa = PBXFileReference; lastKnownFileType = sourcecode.swift; path = AppDelegate.swift; sourceTree = "<group>"; };
		E0729DA61E676D8200516B87 /* TipViewController.swift */ = {isa = PBXFileReference; lastKnownFileType = sourcecode.swift; path = TipViewController.swift; sourceTree = "<group>"; };
		E0729DA91E676D8200516B87 /* Base */ = {isa = PBXFileReference; lastKnownFileType = file.storyboard; name = Base; path = Base.lproj/Main.storyboard; sourceTree = "<group>"; };
		E0729DAB1E676D8200516B87 /* Assets.xcassets */ = {isa = PBXFileReference; lastKnownFileType = folder.assetcatalog; path = Assets.xcassets; sourceTree = "<group>"; };
		E0729DAE1E676D8200516B87 /* Base */ = {isa = PBXFileReference; lastKnownFileType = file.storyboard; name = Base; path = Base.lproj/LaunchScreen.storyboard; sourceTree = "<group>"; };
		E0729DB01E676D8200516B87 /* Info.plist */ = {isa = PBXFileReference; lastKnownFileType = text.plist.xml; path = Info.plist; sourceTree = "<group>"; };
		E0A20D001E67BDEC000E24FA /* RecentCalculateData.swift */ = {isa = PBXFileReference; fileEncoding = 4; lastKnownFileType = sourcecode.swift; path = RecentCalculateData.swift; sourceTree = "<group>"; };
/* End PBXFileReference section */

/* Begin PBXFrameworksBuildPhase section */
		E0729D9E1E676D8200516B87 /* Frameworks */ = {
			isa = PBXFrameworksBuildPhase;
			buildActionMask = 2147483647;
			files = (
			);
			runOnlyForDeploymentPostprocessing = 0;
		};
/* End PBXFrameworksBuildPhase section */

/* Begin PBXGroup section */
		E0729D981E676D8200516B87 = {
			isa = PBXGroup;
			children = (
				E0729DA31E676D8200516B87 /* TipCalculator */,
				E0729DA21E676D8200516B87 /* Products */,
			);
			sourceTree = "<group>";
		};
		E0729DA21E676D8200516B87 /* Products */ = {
			isa = PBXGroup;
			children = (
				E0729DA11E676D8200516B87 /* TipCalculator.app */,
			);
			name = Products;
			sourceTree = "<group>";
		};
		E0729DA31E676D8200516B87 /* TipCalculator */ = {
			isa = PBXGroup;
			children = (
				E0729DA41E676D8200516B87 /* AppDelegate.swift */,
				E0729DA61E676D8200516B87 /* TipViewController.swift */,
				E0A20D001E67BDEC000E24FA /* RecentCalculateData.swift */,
				E041AAD11E68F0980011846A /* SettingsViewController.swift */,
				E0729DA81E676D8200516B87 /* Main.storyboard */,
				E0729DAB1E676D8200516B87 /* Assets.xcassets */,
				E0729DAD1E676D8200516B87 /* LaunchScreen.storyboard */,
				E0729DB01E676D8200516B87 /* Info.plist */,
			);
			path = TipCalculator;
			sourceTree = "<group>";
		};
/* End PBXGroup section */

/* Begin PBXNativeTarget section */
		E0729DA01E676D8200516B87 /* TipCalculator */ = {
			isa = PBXNativeTarget;
			buildConfigurationList = E0729DB31E676D8200516B87 /* Build configuration list for PBXNativeTarget "TipCalculator" */;
			buildPhases = (
				E0729D9D1E676D8200516B87 /* Sources */,
				E0729D9E1E676D8200516B87 /* Frameworks */,
				E0729D9F1E676D8200516B87 /* Resources */,
			);
			buildRules = (
			);
			dependencies = (
			);
			name = TipCalculator;
			productName = TipCalculator;
			productReference = E0729DA11E676D8200516B87 /* TipCalculator.app */;
			productType = "com.apple.product-type.application";
		};
/* End PBXNativeTarget section */

/* Begin PBXProject section */
		E0729D991E676D8200516B87 /* Project object */ = {
			isa = PBXProject;
			attributes = {
				LastSwiftUpdateCheck = 0820;
				LastUpgradeCheck = 0820;
				ORGANIZATIONNAME = yanzeliu;
				TargetAttributes = {
					E0729DA01E676D8200516B87 = {
						CreatedOnToolsVersion = 8.2.1;
						DevelopmentTeam = WQ56QXLK4A;
						ProvisioningStyle = Automatic;
					};
				};
			};
			buildConfigurationList = E0729D9C1E676D8200516B87 /* Build configuration list for PBXProject "TipCalculator" */;
			compatibilityVersion = "Xcode 3.2";
			developmentRegion = English;
			hasScannedForEncodings = 0;
			knownRegions = (
				en,
				Base,
			);
			mainGroup = E0729D981E676D8200516B87;
			productRefGroup = E0729DA21E676D8200516B87 /* Products */;
			projectDirPath = "";
			projectRoot = "";
			targets = (
				E0729DA01E676D8200516B87 /* TipCalculator */,
			);
		};
/* End PBXProject section */

/* Begin PBXResourcesBuildPhase section */
		E0729D9F1E676D8200516B87 /* Resources */ = {
			isa = PBXResourcesBuildPhase;
			buildActionMask = 2147483647;
			files = (
				E0729DAF1E676D8200516B87 /* LaunchScreen.storyboard in Resources */,
				E0729DAC1E676D8200516B87 /* Assets.xcassets in Resources */,
				E0729DAA1E676D8200516B87 /* Main.storyboard in Resources */,
			);
			runOnlyForDeploymentPostprocessing = 0;
		};
/* End PBXResourcesBuildPhase section */

/* Begin PBXSourcesBuildPhase section */
		E0729D9D1E676D8200516B87 /* Sources */ = {
			isa = PBXSourcesBuildPhase;
			buildActionMask = 2147483647;
			files = (
				E0729DA71E676D8200516B87 /* TipViewController.swift in Sources */,
				E0A20D011E67BDEC000E24FA /* RecentCalculateData.swift in Sources */,
				E0729DA51E676D8200516B87 /* AppDelegate.swift in Sources */,
				E041AAD21E68F0980011846A /* SettingsViewController.swift in Sources */,
			);
			runOnlyForDeploymentPostprocessing = 0;
		};
/* End PBXSourcesBuildPhase section */

/* Begin PBXVariantGroup section */
		E0729DA81E676D8200516B87 /* Main.storyboard */ = {
			isa = PBXVariantGroup;
			children = (
				E0729DA91E676D8200516B87 /* Base */,
			);
			name = Main.storyboard;
			sourceTree = "<group>";
		};
		E0729DAD1E676D8200516B87 /* LaunchScreen.storyboard */ = {
			isa = PBXVariantGroup;
			children = (
				E0729DAE1E676D8200516B87 /* Base */,
			);
			name = LaunchScreen.storyboard;
			sourceTree = "<group>";
		};
/* End PBXVariantGroup section */

/* Begin XCBuildConfiguration section */
		E0729DB11E676D8200516B87 /* Debug */ = {
			isa = XCBuildConfiguration;
			buildSettings = {
				ALWAYS_SEARCH_USER_PATHS = NO;
				CLANG_ANALYZER_NONNULL = YES;
				CLANG_CXX_LANGUAGE_STANDARD = "gnu++0x";
				CLANG_CXX_LIBRARY = "libc++";
				CLANG_ENABLE_MODULES = YES;
				CLANG_ENABLE_OBJC_ARC = YES;
				CLANG_WARN_BOOL_CONVERSION = YES;
				CLANG_WARN_CONSTANT_CONVERSION = YES;
				CLANG_WARN_DIRECT_OBJC_ISA_USAGE = YES_ERROR;
				CLANG_WARN_DOCUMENTATION_COMMENTS = YES;
				CLANG_WARN_EMPTY_BODY = YES;
				CLANG_WARN_ENUM_CONVERSION = YES;
				CLANG_WARN_INFINITE_RECURSION = YES;
				CLANG_WARN_INT_CONVERSION = YES;
				CLANG_WARN_OBJC_ROOT_CLASS = YES_ERROR;
				CLANG_WARN_SUSPICIOUS_MOVE = YES;
				CLANG_WARN_UNREACHABLE_CODE = YES;
				CLANG_WARN__DUPLICATE_METHOD_MATCH = YES;
				"CODE_SIGN_IDENTITY[sdk=iphoneos*]" = "iPhone Developer";
				COPY_PHASE_STRIP = NO;
				DEBUG_INFORMATION_FORMAT = dwarf;
				ENABLE_STRICT_OBJC_MSGSEND = YES;
				ENABLE_TESTABILITY = YES;
				GCC_C_LANGUAGE_STANDARD = gnu99;
				GCC_DYNAMIC_NO_PIC = NO;
				GCC_NO_COMMON_BLOCKS = YES;
				GCC_OPTIMIZATION_LEVEL = 0;
				GCC_PREPROCESSOR_DEFINITIONS = (
					"DEBUG=1",
					"$(inherited)",
				);
				GCC_WARN_64_TO_32_BIT_CONVERSION = YES;
				GCC_WARN_ABOUT_RETURN_TYPE = YES_ERROR;
				GCC_WARN_UNDECLARED_SELECTOR = YES;
				GCC_WARN_UNINITIALIZED_AUTOS = YES_AGGRESSIVE;
				GCC_WARN_UNUSED_FUNCTION = YES;
				GCC_WARN_UNUSED_VARIABLE = YES;
				IPHONEOS_DEPLOYMENT_TARGET = 10.2;
				MTL_ENABLE_DEBUG_INFO = YES;
				ONLY_ACTIVE_ARCH = YES;
				SDKROOT = iphoneos;
				SWIFT_ACTIVE_COMPILATION_CONDITIONS = DEBUG;
				SWIFT_OPTIMIZATION_LEVEL = "-Onone";
				TARGETED_DEVICE_FAMILY = "1,2";
			};
			name = Debug;
		};
		E0729DB21E676D8200516B87 /* Release */ = {
			isa = XCBuildConfiguration;
			buildSettings = {
				ALWAYS_SEARCH_USER_PATHS = NO;
				CLANG_ANALYZER_NONNULL = YES;
				CLANG_CXX_LANGUAGE_STANDARD = "gnu++0x";
				CLANG_CXX_LIBRARY = "libc++";
				CLANG_ENABLE_MODULES = YES;
				CLANG_ENABLE_OBJC_ARC = YES;
				CLANG_WARN_BOOL_CONVERSION = YES;
				CLANG_WARN_CONSTANT_CONVERSION = YES;
				CLANG_WARN_DIRECT_OBJC_ISA_USAGE = YES_ERROR;
				CLANG_WARN_DOCUMENTATION_COMMENTS = YES;
				CLANG_WARN_EMPTY_BODY = YES;
				CLANG_WARN_ENUM_CONVERSION = YES;
				CLANG_WARN_INFINITE_RECURSION = YES;
				CLANG_WARN_INT_CONVERSION = YES;
				CLANG_WARN_OBJC_ROOT_CLASS = YES_ERROR;
				CLANG_WARN_SUSPICIOUS_MOVE = YES;
				CLANG_WARN_UNREACHABLE_CODE = YES;
				CLANG_WARN__DUPLICATE_METHOD_MATCH = YES;
				"CODE_SIGN_IDENTITY[sdk=iphoneos*]" = "iPhone Developer";
				COPY_PHASE_STRIP = NO;
				DEBUG_INFORMATION_FORMAT = "dwarf-with-dsym";
				ENABLE_NS_ASSERTIONS = NO;
				ENABLE_STRICT_OBJC_MSGSEND = YES;
				GCC_C_LANGUAGE_STANDARD = gnu99;
				GCC_NO_COMMON_BLOCKS = YES;
				GCC_WARN_64_TO_32_BIT_CONVERSION = YES;
				GCC_WARN_ABOUT_RETURN_TYPE = YES_ERROR;
				GCC_WARN_UNDECLARED_SELECTOR = YES;
				GCC_WARN_UNINITIALIZED_AUTOS = YES_AGGRESSIVE;
				GCC_WARN_UNUSED_FUNCTION = YES;
				GCC_WARN_UNUSED_VARIABLE = YES;
				IPHONEOS_DEPLOYMENT_TARGET = 10.2;
				MTL_ENABLE_DEBUG_INFO = NO;
				SDKROOT = iphoneos;
				SWIFT_OPTIMIZATION_LEVEL = "-Owholemodule";
				TARGETED_DEVICE_FAMILY = "1,2";
				VALIDATE_PRODUCT = YES;
			};
			name = Release;
		};
		E0729DB41E676D8200516B87 /* Debug */ = {
			isa = XCBuildConfiguration;
			buildSettings = {
				ASSETCATALOG_COMPILER_APPICON_NAME = AppIcon;
				DEVELOPMENT_TEAM = WQ56QXLK4A;
				INFOPLIST_FILE = TipCalculator/Info.plist;
				LD_RUNPATH_SEARCH_PATHS = "$(inherited) @executable_path/Frameworks";
				PRODUCT_BUNDLE_IDENTIFIER = com.yanzeliu.TipCalculator;
				PRODUCT_NAME = "$(TARGET_NAME)";
				SWIFT_VERSION = 3.0;
			};
			name = Debug;
		};
		E0729DB51E676D8200516B87 /* Release */ = {
			isa = XCBuildConfiguration;
			buildSettings = {
				ASSETCATALOG_COMPILER_APPICON_NAME = AppIcon;
				DEVELOPMENT_TEAM = WQ56QXLK4A;
				INFOPLIST_FILE = TipCalculator/Info.plist;
				LD_RUNPATH_SEARCH_PATHS = "$(inherited) @executable_path/Frameworks";
				PRODUCT_BUNDLE_IDENTIFIER = com.yanzeliu.TipCalculator;
				PRODUCT_NAME = "$(TARGET_NAME)";
				SWIFT_VERSION = 3.0;
			};
			name = Release;
		};
/* End XCBuildConfiguration section */

/* Begin XCConfigurationList section */
		E0729D9C1E676D8200516B87 /* Build configuration list for PBXProject "TipCalculator" */ = {
			isa = XCConfigurationList;
			buildConfigurations = (
				E0729DB11E676D8200516B87 /* Debug */,
				E0729DB21E676D8200516B87 /* Release */,
			);
			defaultConfigurationIsVisible = 0;
			defaultConfigurationName = Release;
		};
		E0729DB31E676D8200516B87 /* Build configuration list for PBXNativeTarget "TipCalculator" */ = {
			isa = XCConfigurationList;
			buildConfigurations = (
				E0729DB41E676D8200516B87 /* Debug */,
				E0729DB51E676D8200516B87 /* Release */,
			);
			defaultConfigurationIsVisible = 0;
			defaultConfigurationName = Release;
		};
/* End XCConfigurationList section */
	};
	rootObject = E0729D991E676D8200516B87 /* Project object */;
}
